
Microsoft Visual Studio Solution File, Format Version 12.00
# Visual Studio Version 17
VisualStudioVersion = 17.12.35527.113
MinimumVisualStudioVersion = 10.0.40219.1
Project("{FAE04EC0-301F-11D3-BF4B-00C04F79EFBC}") = "News.Web", "News.Web\News.Web.csproj", "{64B3F654-C75C-4B26-9799-0531D5A3690D}"
EndProject
Project("{FAE04EC0-301F-11D3-BF4B-00C04F79EFBC}") = "News.Domain", "News.Domain\News.Domain.csproj", "{DDF4CCC3-1B20-43D1-82A2-6E0D2EFB98DB}"
EndProject
Project("{FAE04EC0-301F-11D3-BF4B-00C04F79EFBC}") = "News.Application", "News.Application\News.Application.csproj", "{D8530070-BD87-4B31-86B1-1436EF416DFF}"
EndProject
Project("{FAE04EC0-301F-11D3-BF4B-00C04F79EFBC}") = "News.Infrastructure", "News.Infrastructure\News.Infrastructure.csproj", "{0A2CF7DE-2E5B-4E13-92D1-1DB48F6C3728}"
EndProject
Global
	GlobalSection(SolutionConfigurationPlatforms) = preSolution
		Debug|Any CPU = Debug|Any CPU
		Release|Any CPU = Release|Any CPU
	EndGlobalSection
	GlobalSection(ProjectConfigurationPlatforms) = postSolution
		{64B3F654-C75C-4B26-9799-0531D5A3690D}.Debug|Any CPU.ActiveCfg = Debug|Any CPU
		{64B3F654-C75C-4B26-9799-0531D5A3690D}.Debug|Any CPU.Build.0 = Debug|Any CPU
		{64B3F654-C75C-4B26-9799-0531D5A3690D}.Release|Any CPU.ActiveCfg = Release|Any CPU
		{64B3F654-C75C-4B26-9799-0531D5A3690D}.Release|Any CPU.Build.0 = Release|Any CPU
		{DDF4CCC3-1B20-43D1-82A2-6E0D2EFB98DB}.Debug|Any CPU.ActiveCfg = Debug|Any CPU
		{DDF4CCC3-1B20-43D1-82A2-6E0D2EFB98DB}.Debug|Any CPU.Build.0 = Debug|Any CPU
		{DDF4CCC3-1B20-43D1-82A2-6E0D2EFB98DB}.Release|Any CPU.ActiveCfg = Release|Any CPU
		{DDF4CCC3-1B20-43D1-82A2-6E0D2EFB98DB}.Release|Any CPU.Build.0 = Release|Any CPU
		{D8530070-BD87-4B31-86B1-1436EF416DFF}.Debug|Any CPU.ActiveCfg = Debug|Any CPU
		{D8530070-BD87-4B31-86B1-1436EF416DFF}.Debug|Any CPU.Build.0 = Debug|Any CPU
		{D8530070-BD87-4B31-86B1-1436EF416DFF}.Release|Any CPU.ActiveCfg = Release|Any CPU
		{D8530070-BD87-4B31-86B1-1436EF416DFF}.Release|Any CPU.Build.0 = Release|Any CPU
		{0A2CF7DE-2E5B-4E13-92D1-1DB48F6C3728}.Debug|Any CPU.ActiveCfg = Debug|Any CPU
		{0A2CF7DE-2E5B-4E13-92D1-1DB48F6C3728}.Debug|Any CPU.Build.0 = Debug|Any CPU
		{0A2CF7DE-2E5B-4E13-92D1-1DB48F6C3728}.Release|Any CPU.ActiveCfg = Release|Any CPU
		{0A2CF7DE-2E5B-4E13-92D1-1DB48F6C3728}.Release|Any CPU.Build.0 = Release|Any CPU
	EndGlobalSection
	GlobalSection(SolutionProperties) = preSolution
		HideSolutionNode = FALSE
	EndGlobalSection
EndGlobal
