
Microsoft Visual Studio Solution File, Format Version 12.00
# Visual Studio Version 17
VisualStudioVersion = 17.12.35527.113
MinimumVisualStudioVersion = 10.0.40219.1
Project("{FAE04EC0-301F-11D3-BF4B-00C04F79EFBC}") = "Demo.Web", "Demo.Web\Demo.Web.csproj", "{8FCA6C41-F3A8-4D62-B38F-3BD6B37EA143}"
EndProject
Project("{FAE04EC0-301F-11D3-BF4B-00C04F79EFBC}") = "Demo.Domain", "Demo.Domain\Demo.Domain.csproj", "{0F8F45AE-39BA-4463-9582-BD919B63C1B8}"
EndProject
Project("{FAE04EC0-301F-11D3-BF4B-00C04F79EFBC}") = "Demo.Application", "Demo.Application\Demo.Application.csproj", "{2D832AC5-0148-4200-AEFB-2D5CDA83C338}"
EndProject
Project("{FAE04EC0-301F-11D3-BF4B-00C04F79EFBC}") = "Demo.Infrastructure", "Demo.Infrastructure\Demo.Infrastructure.csproj", "{1EE1EF10-1A12-4553-A180-2CA461261DF5}"
EndProject
Global
	GlobalSection(SolutionConfigurationPlatforms) = preSolution
		Debug|Any CPU = Debug|Any CPU
		Release|Any CPU = Release|Any CPU
	EndGlobalSection
	GlobalSection(ProjectConfigurationPlatforms) = postSolution
		{8FCA6C41-F3A8-4D62-B38F-3BD6B37EA143}.Debug|Any CPU.ActiveCfg = Debug|Any CPU
		{8FCA6C41-F3A8-4D62-B38F-3BD6B37EA143}.Debug|Any CPU.Build.0 = Debug|Any CPU
		{8FCA6C41-F3A8-4D62-B38F-3BD6B37EA143}.Release|Any CPU.ActiveCfg = Release|Any CPU
		{8FCA6C41-F3A8-4D62-B38F-3BD6B37EA143}.Release|Any CPU.Build.0 = Release|Any CPU
		{0F8F45AE-39BA-4463-9582-BD919B63C1B8}.Debug|Any CPU.ActiveCfg = Debug|Any CPU
		{0F8F45AE-39BA-4463-9582-BD919B63C1B8}.Debug|Any CPU.Build.0 = Debug|Any CPU
		{0F8F45AE-39BA-4463-9582-BD919B63C1B8}.Release|Any CPU.ActiveCfg = Release|Any CPU
		{0F8F45AE-39BA-4463-9582-BD919B63C1B8}.Release|Any CPU.Build.0 = Release|Any CPU
		{2D832AC5-0148-4200-AEFB-2D5CDA83C338}.Debug|Any CPU.ActiveCfg = Debug|Any CPU
		{2D832AC5-0148-4200-AEFB-2D5CDA83C338}.Debug|Any CPU.Build.0 = Debug|Any CPU
		{2D832AC5-0148-4200-AEFB-2D5CDA83C338}.Release|Any CPU.ActiveCfg = Release|Any CPU
		{2D832AC5-0148-4200-AEFB-2D5CDA83C338}.Release|Any CPU.Build.0 = Release|Any CPU
		{1EE1EF10-1A12-4553-A180-2CA461261DF5}.Debug|Any CPU.ActiveCfg = Debug|Any CPU
		{1EE1EF10-1A12-4553-A180-2CA461261DF5}.Debug|Any CPU.Build.0 = Debug|Any CPU
		{1EE1EF10-1A12-4553-A180-2CA461261DF5}.Release|Any CPU.ActiveCfg = Release|Any CPU
		{1EE1EF10-1A12-4553-A180-2CA461261DF5}.Release|Any CPU.Build.0 = Release|Any CPU
	EndGlobalSection
	GlobalSection(SolutionProperties) = preSolution
		HideSolutionNode = FALSE
	EndGlobalSection
EndGlobal
