
Microsoft Visual Studio Solution File, Format Version 12.00
# Visual Studio Version 17
VisualStudioVersion = 17.12.35527.113
MinimumVisualStudioVersion = 10.0.40219.1
Project("{FAE04EC0-301F-11D3-BF4B-00C04F79EFBC}") = "Blog.Web", "Blog.Web\Blog.Web.csproj", "{5C9F40BB-9A9F-4BD7-8653-E085BB3DA350}"
EndProject
Project("{FAE04EC0-301F-11D3-BF4B-00C04F79EFBC}") = "Blog.Domain", "Blog.Domain\Blog.Domain.csproj", "{FB239E4C-28AF-4899-99E5-AA834E8C2C47}"
EndProject
Project("{FAE04EC0-301F-11D3-BF4B-00C04F79EFBC}") = "Blog.Application", "Blog.Application\Blog.Application.csproj", "{D9412B7F-6040-4155-A556-8233D9EB33F0}"
EndProject
Project("{FAE04EC0-301F-11D3-BF4B-00C04F79EFBC}") = "Blog.Infrastructure", "Blog.Infrastructure\Blog.Infrastructure.csproj", "{B8BC8196-0B3F-4CFD-BC01-C720686718CF}"
EndProject
Global
	GlobalSection(SolutionConfigurationPlatforms) = preSolution
		Debug|Any CPU = Debug|Any CPU
		Release|Any CPU = Release|Any CPU
	EndGlobalSection
	GlobalSection(ProjectConfigurationPlatforms) = postSolution
		{5C9F40BB-9A9F-4BD7-8653-E085BB3DA350}.Debug|Any CPU.ActiveCfg = Debug|Any CPU
		{5C9F40BB-9A9F-4BD7-8653-E085BB3DA350}.Debug|Any CPU.Build.0 = Debug|Any CPU
		{5C9F40BB-9A9F-4BD7-8653-E085BB3DA350}.Release|Any CPU.ActiveCfg = Release|Any CPU
		{5C9F40BB-9A9F-4BD7-8653-E085BB3DA350}.Release|Any CPU.Build.0 = Release|Any CPU
		{FB239E4C-28AF-4899-99E5-AA834E8C2C47}.Debug|Any CPU.ActiveCfg = Debug|Any CPU
		{FB239E4C-28AF-4899-99E5-AA834E8C2C47}.Debug|Any CPU.Build.0 = Debug|Any CPU
		{FB239E4C-28AF-4899-99E5-AA834E8C2C47}.Release|Any CPU.ActiveCfg = Release|Any CPU
		{FB239E4C-28AF-4899-99E5-AA834E8C2C47}.Release|Any CPU.Build.0 = Release|Any CPU
		{D9412B7F-6040-4155-A556-8233D9EB33F0}.Debug|Any CPU.ActiveCfg = Debug|Any CPU
		{D9412B7F-6040-4155-A556-8233D9EB33F0}.Debug|Any CPU.Build.0 = Debug|Any CPU
		{D9412B7F-6040-4155-A556-8233D9EB33F0}.Release|Any CPU.ActiveCfg = Release|Any CPU
		{D9412B7F-6040-4155-A556-8233D9EB33F0}.Release|Any CPU.Build.0 = Release|Any CPU
		{B8BC8196-0B3F-4CFD-BC01-C720686718CF}.Debug|Any CPU.ActiveCfg = Debug|Any CPU
		{B8BC8196-0B3F-4CFD-BC01-C720686718CF}.Debug|Any CPU.Build.0 = Debug|Any CPU
		{B8BC8196-0B3F-4CFD-BC01-C720686718CF}.Release|Any CPU.ActiveCfg = Release|Any CPU
		{B8BC8196-0B3F-4CFD-BC01-C720686718CF}.Release|Any CPU.Build.0 = Release|Any CPU
	EndGlobalSection
	GlobalSection(SolutionProperties) = preSolution
		HideSolutionNode = FALSE
	EndGlobalSection
EndGlobal
